
Microsoft Visual Studio Solution File, Format Version 12.00
# Visual Studio Version 17
VisualStudioVersion = 17.8.34408.163
MinimumVisualStudioVersion = 10.0.40219.1
Project("{FAE04EC0-301F-11D3-BF4B-00C04F79EFBC}") = "MovieReact.Server", "MovieReact.Server\MovieReact.Server.csproj", "{69A16863-8D95-443D-86EB-C715BEC62107}"
EndProject
Project("{54A90642-561A-4BB1-A94E-469ADEE60C69}") = "moviereact.client", "moviereact.client\moviereact.client.esproj", "{F0CBF480-92B0-45CF-944B-829A1536EFE8}"
EndProject
Global
	GlobalSection(SolutionConfigurationPlatforms) = preSolution
		Debug|Any CPU = Debug|Any CPU
		Release|Any CPU = Release|Any CPU
	EndGlobalSection
	GlobalSection(ProjectConfigurationPlatforms) = postSolution
		{69A16863-8D95-443D-86EB-C715BEC62107}.Debug|Any CPU.ActiveCfg = Debug|Any CPU
		{69A16863-8D95-443D-86EB-C715BEC62107}.Debug|Any CPU.Build.0 = Debug|Any CPU
		{69A16863-8D95-443D-86EB-C715BEC62107}.Release|Any CPU.ActiveCfg = Release|Any CPU
		{69A16863-8D95-443D-86EB-C715BEC62107}.Release|Any CPU.Build.0 = Release|Any CPU
		{F0CBF480-92B0-45CF-944B-829A1536EFE8}.Debug|Any CPU.ActiveCfg = Debug|Any CPU
		{F0CBF480-92B0-45CF-944B-829A1536EFE8}.Debug|Any CPU.Build.0 = Debug|Any CPU
		{F0CBF480-92B0-45CF-944B-829A1536EFE8}.Debug|Any CPU.Deploy.0 = Debug|Any CPU
		{F0CBF480-92B0-45CF-944B-829A1536EFE8}.Release|Any CPU.ActiveCfg = Release|Any CPU
		{F0CBF480-92B0-45CF-944B-829A1536EFE8}.Release|Any CPU.Build.0 = Release|Any CPU
		{F0CBF480-92B0-45CF-944B-829A1536EFE8}.Release|Any CPU.Deploy.0 = Release|Any CPU
	EndGlobalSection
	GlobalSection(SolutionProperties) = preSolution
		HideSolutionNode = FALSE
	EndGlobalSection
	GlobalSection(ExtensibilityGlobals) = postSolution
		SolutionGuid = {65DE7119-95FA-4705-B219-2B1C3A716C5F}
	EndGlobalSection
EndGlobal
